
Microsoft Visual Studio Solution File, Format Version 12.00
# Visual Studio 15
Project("{FAE04EC0-301F-11D3-BF4B-00C04F79EFBC}") = "Assembly-CSharp", "Assembly-CSharp.csproj", "{242ED80F-D574-067E-4604-3DC93A6EF476}"
EndProject
Project("{FAE04EC0-301F-11D3-BF4B-00C04F79EFBC}") = "Unity.2DPlatformer.Tutorials", "Unity.2DPlatformer.Tutorials.csproj", "{10AB3F9B-056C-DD24-B8C2-AACD1EEC74AD}"
EndProject
Project("{FAE04EC0-301F-11D3-BF4B-00C04F79EFBC}") = "Assembly-CSharp-Editor", "Assembly-CSharp-Editor.csproj", "{935C2324-5F75-7064-1DA0-3BC9E197901A}"
EndProject
Global
	GlobalSection(SolutionConfigurationPlatforms) = preSolution
		Debug|Any CPU = Debug|Any CPU
		Release|Any CPU = Release|Any CPU
	EndGlobalSection
	GlobalSection(ProjectConfigurationPlatforms) = postSolution
		{242ED80F-D574-067E-4604-3DC93A6EF476}.Debug|Any CPU.ActiveCfg = Debug|Any CPU
		{242ED80F-D574-067E-4604-3DC93A6EF476}.Debug|Any CPU.Build.0 = Debug|Any CPU
		{242ED80F-D574-067E-4604-3DC93A6EF476}.Release|Any CPU.ActiveCfg = Release|Any CPU
		{242ED80F-D574-067E-4604-3DC93A6EF476}.Release|Any CPU.Build.0 = Release|Any CPU
		{10AB3F9B-056C-DD24-B8C2-AACD1EEC74AD}.Debug|Any CPU.ActiveCfg = Debug|Any CPU
		{10AB3F9B-056C-DD24-B8C2-AACD1EEC74AD}.Debug|Any CPU.Build.0 = Debug|Any CPU
		{10AB3F9B-056C-DD24-B8C2-AACD1EEC74AD}.Release|Any CPU.ActiveCfg = Release|Any CPU
		{10AB3F9B-056C-DD24-B8C2-AACD1EEC74AD}.Release|Any CPU.Build.0 = Release|Any CPU
		{935C2324-5F75-7064-1DA0-3BC9E197901A}.Debug|Any CPU.ActiveCfg = Debug|Any CPU
		{935C2324-5F75-7064-1DA0-3BC9E197901A}.Debug|Any CPU.Build.0 = Debug|Any CPU
		{935C2324-5F75-7064-1DA0-3BC9E197901A}.Release|Any CPU.ActiveCfg = Release|Any CPU
		{935C2324-5F75-7064-1DA0-3BC9E197901A}.Release|Any CPU.Build.0 = Release|Any CPU
	EndGlobalSection
	GlobalSection(SolutionProperties) = preSolution
		HideSolutionNode = FALSE
	EndGlobalSection
EndGlobal
